// !$*UTF8*$!
{
	archiveVersion = 1;
	classes = {
	};
	objectVersion = 48;
	objects = {

/* Begin PBXBuildFile section */
		30BAD55C20AB05AD00DA78C0 /* AppDelegate.swift in Sources */ = {isa = PBXBuildFile; fileRef = 30BAD55B20AB05AD00DA78C0 /* AppDelegate.swift */; };
		30BAD55E20AB05AD00DA78C0 /* ViewController.swift in Sources */ = {isa = PBXBuildFile; fileRef = 30BAD55D20AB05AD00DA78C0 /* ViewController.swift */; };
		30BAD56120AB05AD00DA78C0 /* Main.storyboard in Resources */ = {isa = PBXBuildFile; fileRef = 30BAD55F20AB05AD00DA78C0 /* Main.storyboard */; };
		30BAD56320AB05AD00DA78C0 /* Assets.xcassets in Resources */ = {isa = PBXBuildFile; fileRef = 30BAD56220AB05AD00DA78C0 /* Assets.xcassets */; };
		30BAD56620AB05AD00DA78C0 /* LaunchScreen.storyboard in Resources */ = {isa = PBXBuildFile; fileRef = 30BAD56420AB05AD00DA78C0 /* LaunchScreen.storyboard */; };
/* End PBXBuildFile section */

/* Begin PBXFileReference section */
		30BAD55820AB05AD00DA78C0 /* WhatsssUp.app */ = {isa = PBXFileReference; explicitFileType = wrapper.application; includeInIndex = 0; path = WhatsssUp.app; sourceTree = BUILT_PRODUCTS_DIR; };
		30BAD55B20AB05AD00DA78C0 /* AppDelegate.swift */ = {isa = PBXFileReference; lastKnownFileType = sourcecode.swift; path = AppDelegate.swift; sourceTree = "<group>"; };
		30BAD55D20AB05AD00DA78C0 /* ViewController.swift */ = {isa = PBXFileReference; lastKnownFileType = sourcecode.swift; path = ViewController.swift; sourceTree = "<group>"; };
		30BAD56020AB05AD00DA78C0 /* Base */ = {isa = PBXFileReference; lastKnownFileType = file.storyboard; name = Base; path = Base.lproj/Main.storyboard; sourceTree = "<group>"; };
		30BAD56220AB05AD00DA78C0 /* Assets.xcassets */ = {isa = PBXFileReference; lastKnownFileType = folder.assetcatalog; path = Assets.xcassets; sourceTree = "<group>"; };
		30BAD56520AB05AD00DA78C0 /* Base */ = {isa = PBXFileReference; lastKnownFileType = file.storyboard; name = Base; path = Base.lproj/LaunchScreen.storyboard; sourceTree = "<group>"; };
		30BAD56720AB05AD00DA78C0 /* Info.plist */ = {isa = PBXFileReference; lastKnownFileType = text.plist.xml; path = Info.plist; sourceTree = "<group>"; };
/* End PBXFileReference section */

/* Begin PBXFrameworksBuildPhase section */
		30BAD55520AB05AD00DA78C0 /* Frameworks */ = {
			isa = PBXFrameworksBuildPhase;
			buildActionMask = 2147483647;
			files = (
			);
			runOnlyForDeploymentPostprocessing = 0;
		};
/* End PBXFrameworksBuildPhase section */

/* Begin PBXGroup section */
		30BAD54F20AB05AC00DA78C0 = {
			isa = PBXGroup;
			children = (
				30BAD55A20AB05AD00DA78C0 /* WhatsssUp */,
				30BAD55920AB05AD00DA78C0 /* Products */,
			);
			sourceTree = "<group>";
		};
		30BAD55920AB05AD00DA78C0 /* Products */ = {
			isa = PBXGroup;
			children = (
				30BAD55820AB05AD00DA78C0 /* WhatsssUp.app */,
			);
			name = Products;
			sourceTree = "<group>";
		};
		30BAD55A20AB05AD00DA78C0 /* WhatsssUp */ = {
			isa = PBXGroup;
			children = (
				30BAD55B20AB05AD00DA78C0 /* AppDelegate.swift */,
				30BAD55D20AB05AD00DA78C0 /* ViewController.swift */,
				30BAD55F20AB05AD00DA78C0 /* Main.storyboard */,
				30BAD56220AB05AD00DA78C0 /* Assets.xcassets */,
				30BAD56420AB05AD00DA78C0 /* LaunchScreen.storyboard */,
				30BAD56720AB05AD00DA78C0 /* Info.plist */,
			);
			path = WhatsssUp;
			sourceTree = "<group>";
		};
/* End PBXGroup section */

/* Begin PBXNativeTarget section */
		30BAD55720AB05AD00DA78C0 /* WhatsssUp */ = {
			isa = PBXNativeTarget;
			buildConfigurationList = 30BAD56A20AB05AD00DA78C0 /* Build configuration list for PBXNativeTarget "WhatsssUp" */;
			buildPhases = (
				30BAD55420AB05AD00DA78C0 /* Sources */,
				30BAD55520AB05AD00DA78C0 /* Frameworks */,
				30BAD55620AB05AD00DA78C0 /* Resources */,
			);
			buildRules = (
			);
			dependencies = (
			);
			name = WhatsssUp;
			productName = WhatsssUp;
			productReference = 30BAD55820AB05AD00DA78C0 /* WhatsssUp.app */;
			productType = "com.apple.product-type.application";
		};
/* End PBXNativeTarget section */

/* Begin PBXProject section */
		30BAD55020AB05AC00DA78C0 /* Project object */ = {
			isa = PBXProject;
			attributes = {
				LastSwiftUpdateCheck = 0920;
				LastUpgradeCheck = 0920;
				ORGANIZATIONNAME = takahitoyoneda;
				TargetAttributes = {
					30BAD55720AB05AD00DA78C0 = {
						CreatedOnToolsVersion = 9.2;
						ProvisioningStyle = Automatic;
					};
				};
			};
			buildConfigurationList = 30BAD55320AB05AC00DA78C0 /* Build configuration list for PBXProject "WhatsssUp" */;
			compatibilityVersion = "Xcode 8.0";
			developmentRegion = en;
			hasScannedForEncodings = 0;
			knownRegions = (
				en,
				Base,
			);
			mainGroup = 30BAD54F20AB05AC00DA78C0;
			productRefGroup = 30BAD55920AB05AD00DA78C0 /* Products */;
			projectDirPath = "";
			projectRoot = "";
			targets = (
				30BAD55720AB05AD00DA78C0 /* WhatsssUp */,
			);
		};
/* End PBXProject section */

/* Begin PBXResourcesBuildPhase section */
		30BAD55620AB05AD00DA78C0 /* Resources */ = {
			isa = PBXResourcesBuildPhase;
			buildActionMask = 2147483647;
			files = (
				30BAD56620AB05AD00DA78C0 /* LaunchScreen.storyboard in Resources */,
				30BAD56320AB05AD00DA78C0 /* Assets.xcassets in Resources */,
				30BAD56120AB05AD00DA78C0 /* Main.storyboard in Resources */,
			);
			runOnlyForDeploymentPostprocessing = 0;
		};
/* End PBXResourcesBuildPhase section */

/* Begin PBXSourcesBuildPhase section */
		30BAD55420AB05AD00DA78C0 /* Sources */ = {
			isa = PBXSourcesBuildPhase;
			buildActionMask = 2147483647;
			files = (
				30BAD55E20AB05AD00DA78C0 /* ViewController.swift in Sources */,
				30BAD55C20AB05AD00DA78C0 /* AppDelegate.swift in Sources */,
			);
			runOnlyForDeploymentPostprocessing = 0;
		};
/* End PBXSourcesBuildPhase section */

/* Begin PBXVariantGroup section */
		30BAD55F20AB05AD00DA78C0 /* Main.storyboard */ = {
			isa = PBXVariantGroup;
			children = (
				30BAD56020AB05AD00DA78C0 /* Base */,
			);
			name = Main.storyboard;
			sourceTree = "<group>";
		};
		30BAD56420AB05AD00DA78C0 /* LaunchScreen.storyboard */ = {
			isa = PBXVariantGroup;
			children = (
				30BAD56520AB05AD00DA78C0 /* Base */,
			);
			name = LaunchScreen.storyboard;
			sourceTree = "<group>";
		};
/* End PBXVariantGroup section */

/* Begin XCBuildConfiguration section */
		30BAD56820AB05AD00DA78C0 /* Debug */ = {
			isa = XCBuildConfiguration;
			buildSettings = {
				ALWAYS_SEARCH_USER_PATHS = NO;
				CLANG_ANALYZER_NONNULL = YES;
				CLANG_ANALYZER_NUMBER_OBJECT_CONVERSION = YES_AGGRESSIVE;
				CLANG_CXX_LANGUAGE_STANDARD = "gnu++14";
				CLANG_CXX_LIBRARY = "libc++";
				CLANG_ENABLE_MODULES = YES;
				CLANG_ENABLE_OBJC_ARC = YES;
				CLANG_WARN_BLOCK_CAPTURE_AUTORELEASING = YES;
				CLANG_WARN_BOOL_CONVERSION = YES;
				CLANG_WARN_COMMA = YES;
				CLANG_WARN_CONSTANT_CONVERSION = YES;
				CLANG_WARN_DIRECT_OBJC_ISA_USAGE = YES_ERROR;
				CLANG_WARN_DOCUMENTATION_COMMENTS = YES;
				CLANG_WARN_EMPTY_BODY = YES;
				CLANG_WARN_ENUM_CONVERSION = YES;
				CLANG_WARN_INFINITE_RECURSION = YES;
				CLANG_WARN_INT_CONVERSION = YES;
				CLANG_WARN_NON_LITERAL_NULL_CONVERSION = YES;
				CLANG_WARN_OBJC_LITERAL_CONVERSION = YES;
				CLANG_WARN_OBJC_ROOT_CLASS = YES_ERROR;
				CLANG_WARN_RANGE_LOOP_ANALYSIS = YES;
				CLANG_WARN_STRICT_PROTOTYPES = YES;
				CLANG_WARN_SUSPICIOUS_MOVE = YES;
				CLANG_WARN_UNGUARDED_AVAILABILITY = YES_AGGRESSIVE;
				CLANG_WARN_UNREACHABLE_CODE = YES;
				CLANG_WARN__DUPLICATE_METHOD_MATCH = YES;
				CODE_SIGN_IDENTITY = "iPhone Developer";
				COPY_PHASE_STRIP = NO;
				DEBUG_INFORMATION_FORMAT = dwarf;
				ENABLE_STRICT_OBJC_MSGSEND = YES;
				ENABLE_TESTABILITY = YES;
				GCC_C_LANGUAGE_STANDARD = gnu11;
				GCC_DYNAMIC_NO_PIC = NO;
				GCC_NO_COMMON_BLOCKS = YES;
				GCC_OPTIMIZATION_LEVEL = 0;
				GCC_PREPROCESSOR_DEFINITIONS = (
					"DEBUG=1",
					"$(inherited)",
				);
				GCC_WARN_64_TO_32_BIT_CONVERSION = YES;
				GCC_WARN_ABOUT_RETURN_TYPE = YES_ERROR;
				GCC_WARN_UNDECLARED_SELECTOR = YES;
				GCC_WARN_UNINITIALIZED_AUTOS = YES_AGGRESSIVE;
				GCC_WARN_UNUSED_FUNCTION = YES;
				GCC_WARN_UNUSED_VARIABLE = YES;
				IPHONEOS_DEPLOYMENT_TARGET = 11.2;
				MTL_ENABLE_DEBUG_INFO = YES;
				ONLY_ACTIVE_ARCH = YES;
				SDKROOT = iphoneos;
				SWIFT_ACTIVE_COMPILATION_CONDITIONS = DEBUG;
				SWIFT_OPTIMIZATION_LEVEL = "-Onone";
			};
			name = Debug;
		};
		30BAD56920AB05AD00DA78C0 /* Release */ = {
			isa = XCBuildConfiguration;
			buildSettings = {
				ALWAYS_SEARCH_USER_PATHS = NO;
				CLANG_ANALYZER_NONNULL = YES;
				CLANG_ANALYZER_NUMBER_OBJECT_CONVERSION = YES_AGGRESSIVE;
				CLANG_CXX_LANGUAGE_STANDARD = "gnu++14";
				CLANG_CXX_LIBRARY = "libc++";
				CLANG_ENABLE_MODULES = YES;
				CLANG_ENABLE_OBJC_ARC = YES;
				CLANG_WARN_BLOCK_CAPTURE_AUTORELEASING = YES;
				CLANG_WARN_BOOL_CONVERSION = YES;
				CLANG_WARN_COMMA = YES;
				CLANG_WARN_CONSTANT_CONVERSION = YES;
				CLANG_WARN_DIRECT_OBJC_ISA_USAGE = YES_ERROR;
				CLANG_WARN_DOCUMENTATION_COMMENTS = YES;
				CLANG_WARN_EMPTY_BODY = YES;
				CLANG_WARN_ENUM_CONVERSION = YES;
				CLANG_WARN_INFINITE_RECURSION = YES;
				CLANG_WARN_INT_CONVERSION = YES;
				CLANG_WARN_NON_LITERAL_NULL_CONVERSION = YES;
				CLANG_WARN_OBJC_LITERAL_CONVERSION = YES;
				CLANG_WARN_OBJC_ROOT_CLASS = YES_ERROR;
				CLANG_WARN_RANGE_LOOP_ANALYSIS = YES;
				CLANG_WARN_STRICT_PROTOTYPES = YES;
				CLANG_WARN_SUSPICIOUS_MOVE = YES;
				CLANG_WARN_UNGUARDED_AVAILABILITY = YES_AGGRESSIVE;
				CLANG_WARN_UNREACHABLE_CODE = YES;
				CLANG_WARN__DUPLICATE_METHOD_MATCH = YES;
				CODE_SIGN_IDENTITY = "iPhone Developer";
				COPY_PHASE_STRIP = NO;
				DEBUG_INFORMATION_FORMAT = "dwarf-with-dsym";
				ENABLE_NS_ASSERTIONS = NO;
				ENABLE_STRICT_OBJC_MSGSEND = YES;
				GCC_C_LANGUAGE_STANDARD = gnu11;
				GCC_NO_COMMON_BLOCKS = YES;
				GCC_WARN_64_TO_32_BIT_CONVERSION = YES;
				GCC_WARN_ABOUT_RETURN_TYPE = YES_ERROR;
				GCC_WARN_UNDECLARED_SELECTOR = YES;
				GCC_WARN_UNINITIALIZED_AUTOS = YES_AGGRESSIVE;
				GCC_WARN_UNUSED_FUNCTION = YES;
				GCC_WARN_UNUSED_VARIABLE = YES;
				IPHONEOS_DEPLOYMENT_TARGET = 11.2;
				MTL_ENABLE_DEBUG_INFO = NO;
				SDKROOT = iphoneos;
				SWIFT_OPTIMIZATION_LEVEL = "-Owholemodule";
				VALIDATE_PRODUCT = YES;
			};
			name = Release;
		};
		30BAD56B20AB05AD00DA78C0 /* Debug */ = {
			isa = XCBuildConfiguration;
			buildSettings = {
				ASSETCATALOG_COMPILER_APPICON_NAME = AppIcon;
				CODE_SIGN_STYLE = Automatic;
				DEVELOPMENT_TEAM = 9JLW53268K;
				INFOPLIST_FILE = WhatsssUp/Info.plist;
				LD_RUNPATH_SEARCH_PATHS = "$(inherited) @executable_path/Frameworks";
				PRODUCT_BUNDLE_IDENTIFIER = com.takatakayone.WhatsssUp;
				PRODUCT_NAME = "$(TARGET_NAME)";
				SWIFT_VERSION = 4.0;
				TARGETED_DEVICE_FAMILY = "1,2";
			};
			name = Debug;
		};
		30BAD56C20AB05AD00DA78C0 /* Release */ = {
			isa = XCBuildConfiguration;
			buildSettings = {
				ASSETCATALOG_COMPILER_APPICON_NAME = AppIcon;
				CODE_SIGN_STYLE = Automatic;
				DEVELOPMENT_TEAM = 9JLW53268K;
				INFOPLIST_FILE = WhatsssUp/Info.plist;
				LD_RUNPATH_SEARCH_PATHS = "$(inherited) @executable_path/Frameworks";
				PRODUCT_BUNDLE_IDENTIFIER = com.takatakayone.WhatsssUp;
				PRODUCT_NAME = "$(TARGET_NAME)";
				SWIFT_VERSION = 4.0;
				TARGETED_DEVICE_FAMILY = "1,2";
			};
			name = Release;
		};
/* End XCBuildConfiguration section */

/* Begin XCConfigurationList section */
		30BAD55320AB05AC00DA78C0 /* Build configuration list for PBXProject "WhatsssUp" */ = {
			isa = XCConfigurationList;
			buildConfigurations = (
				30BAD56820AB05AD00DA78C0 /* Debug */,
				30BAD56920AB05AD00DA78C0 /* Release */,
			);
			defaultConfigurationIsVisible = 0;
			defaultConfigurationName = Release;
		};
		30BAD56A20AB05AD00DA78C0 /* Build configuration list for PBXNativeTarget "WhatsssUp" */ = {
			isa = XCConfigurationList;
			buildConfigurations = (
				30BAD56B20AB05AD00DA78C0 /* Debug */,
				30BAD56C20AB05AD00DA78C0 /* Release */,
			);
			defaultConfigurationIsVisible = 0;
			defaultConfigurationName = Release;
		};
/* End XCConfigurationList section */
	};
	rootObject = 30BAD55020AB05AC00DA78C0 /* Project object */;
}
